
Microsoft Visual Studio Solution File, Format Version 12.00
# Visual Studio Version 16
VisualStudioVersion = 16.0.28922.388
MinimumVisualStudioVersion = 10.0.40219.1
Project("{9A19103F-16F7-4668-BE54-9A1E7A4F7556}") = "GDC2019 - Run 1", "GDC2019 - Run 1.csproj", "{76020CB4-375D-4997-B504-37A9CC3740E2}"
EndProject
Project("{9A19103F-16F7-4668-BE54-9A1E7A4F7556}") = "GDC2019Tests - Run 1", "..\GDC2019Tests - Run 1\GDC2019Tests - Run 1.csproj", "{3D90FB78-052D-42CF-91BD-D8F3B8FC30FF}"
EndProject
Global
	GlobalSection(SolutionConfigurationPlatforms) = preSolution
		Debug|Any CPU = Debug|Any CPU
		Release|Any CPU = Release|Any CPU
	EndGlobalSection
	GlobalSection(ProjectConfigurationPlatforms) = postSolution
		{76020CB4-375D-4997-B504-37A9CC3740E2}.Debug|Any CPU.ActiveCfg = Debug|Any CPU
		{76020CB4-375D-4997-B504-37A9CC3740E2}.Debug|Any CPU.Build.0 = Debug|Any CPU
		{76020CB4-375D-4997-B504-37A9CC3740E2}.Release|Any CPU.ActiveCfg = Release|Any CPU
		{76020CB4-375D-4997-B504-37A9CC3740E2}.Release|Any CPU.Build.0 = Release|Any CPU
		{3D90FB78-052D-42CF-91BD-D8F3B8FC30FF}.Debug|Any CPU.ActiveCfg = Debug|Any CPU
		{3D90FB78-052D-42CF-91BD-D8F3B8FC30FF}.Debug|Any CPU.Build.0 = Debug|Any CPU
		{3D90FB78-052D-42CF-91BD-D8F3B8FC30FF}.Release|Any CPU.ActiveCfg = Release|Any CPU
		{3D90FB78-052D-42CF-91BD-D8F3B8FC30FF}.Release|Any CPU.Build.0 = Release|Any CPU
	EndGlobalSection
	GlobalSection(SolutionProperties) = preSolution
		HideSolutionNode = FALSE
	EndGlobalSection
	GlobalSection(ExtensibilityGlobals) = postSolution
		SolutionGuid = {863CC8C9-9893-4393-9486-2DDF7EAA1D4C}
	EndGlobalSection
EndGlobal
